
Microsoft Visual Studio Solution File, Format Version 12.00
# Visual Studio Version 16
VisualStudioVersion = 16.0.30523.141
MinimumVisualStudioVersion = 10.0.40219.1
Project("{8BC9CEB8-8B4A-11D0-8D11-00A0C91BC942}") = "SimpleShooter", "SimpleShooter.vcxproj", "{F7CE2423-0829-4E91-8CC2-81240C29C778}"
	ProjectSection(ProjectDependencies) = postProject
		{44805F8A-1665-4354-98BC-0A532019DA4C} = {44805F8A-1665-4354-98BC-0A532019DA4C}
	EndProjectSection
EndProject
Project("{8BC9CEB8-8B4A-11D0-8D11-00A0C91BC942}") = "GameEngine", "..\2DGameEngine\GameEngine.vcxproj", "{44805F8A-1665-4354-98BC-0A532019DA4C}"
EndProject
Global
	GlobalSection(SolutionConfigurationPlatforms) = preSolution
		Debug|ARM32 = Debug|ARM32
		Debug|ARM64 = Debug|ARM64
		Debug|Win32 = Debug|Win32
		Debug|Win64 = Debug|Win64
		Release|ARM32 = Release|ARM32
		Release|ARM64 = Release|ARM64
		Release|Win32 = Release|Win32
		Release|Win64 = Release|Win64
	EndGlobalSection
	GlobalSection(ProjectConfigurationPlatforms) = postSolution
		{F7CE2423-0829-4E91-8CC2-81240C29C778}.Debug|ARM32.ActiveCfg = Debug|ARM
		{F7CE2423-0829-4E91-8CC2-81240C29C778}.Debug|ARM32.Build.0 = Debug|ARM
		{F7CE2423-0829-4E91-8CC2-81240C29C778}.Debug|ARM64.ActiveCfg = Debug|ARM
		{F7CE2423-0829-4E91-8CC2-81240C29C778}.Debug|ARM64.Build.0 = Debug|ARM
		{F7CE2423-0829-4E91-8CC2-81240C29C778}.Debug|Win32.ActiveCfg = Debug|Win32
		{F7CE2423-0829-4E91-8CC2-81240C29C778}.Debug|Win32.Build.0 = Debug|Win32
		{F7CE2423-0829-4E91-8CC2-81240C29C778}.Debug|Win64.ActiveCfg = Debug|x64
		{F7CE2423-0829-4E91-8CC2-81240C29C778}.Debug|Win64.Build.0 = Debug|x64
		{F7CE2423-0829-4E91-8CC2-81240C29C778}.Release|ARM32.ActiveCfg = Release|ARM
		{F7CE2423-0829-4E91-8CC2-81240C29C778}.Release|ARM32.Build.0 = Release|ARM
		{F7CE2423-0829-4E91-8CC2-81240C29C778}.Release|ARM64.ActiveCfg = Release|ARM
		{F7CE2423-0829-4E91-8CC2-81240C29C778}.Release|ARM64.Build.0 = Release|ARM
		{F7CE2423-0829-4E91-8CC2-81240C29C778}.Release|Win32.ActiveCfg = Release|Win32
		{F7CE2423-0829-4E91-8CC2-81240C29C778}.Release|Win32.Build.0 = Release|Win32
		{F7CE2423-0829-4E91-8CC2-81240C29C778}.Release|Win64.ActiveCfg = Release|x64
		{F7CE2423-0829-4E91-8CC2-81240C29C778}.Release|Win64.Build.0 = Release|x64
		{44805F8A-1665-4354-98BC-0A532019DA4C}.Debug|ARM32.ActiveCfg = Debug|ARM
		{44805F8A-1665-4354-98BC-0A532019DA4C}.Debug|ARM32.Build.0 = Debug|ARM
		{44805F8A-1665-4354-98BC-0A532019DA4C}.Debug|ARM64.ActiveCfg = Debug|ARM
		{44805F8A-1665-4354-98BC-0A532019DA4C}.Debug|ARM64.Build.0 = Debug|ARM
		{44805F8A-1665-4354-98BC-0A532019DA4C}.Debug|Win32.ActiveCfg = Debug|Win32
		{44805F8A-1665-4354-98BC-0A532019DA4C}.Debug|Win32.Build.0 = Debug|Win32
		{44805F8A-1665-4354-98BC-0A532019DA4C}.Debug|Win64.ActiveCfg = Debug|x64
		{44805F8A-1665-4354-98BC-0A532019DA4C}.Debug|Win64.Build.0 = Debug|x64
		{44805F8A-1665-4354-98BC-0A532019DA4C}.Release|ARM32.ActiveCfg = Release|Win32
		{44805F8A-1665-4354-98BC-0A532019DA4C}.Release|ARM32.Build.0 = Release|Win32
		{44805F8A-1665-4354-98BC-0A532019DA4C}.Release|ARM64.ActiveCfg = Release|ARM
		{44805F8A-1665-4354-98BC-0A532019DA4C}.Release|ARM64.Build.0 = Release|ARM
		{44805F8A-1665-4354-98BC-0A532019DA4C}.Release|Win32.ActiveCfg = Release|Win32
		{44805F8A-1665-4354-98BC-0A532019DA4C}.Release|Win32.Build.0 = Release|Win32
		{44805F8A-1665-4354-98BC-0A532019DA4C}.Release|Win64.ActiveCfg = Release|x64
		{44805F8A-1665-4354-98BC-0A532019DA4C}.Release|Win64.Build.0 = Release|x64
	EndGlobalSection
	GlobalSection(SolutionProperties) = preSolution
		HideSolutionNode = FALSE
	EndGlobalSection
	GlobalSection(ExtensibilityGlobals) = postSolution
		SolutionGuid = {D848D3DC-1166-4F47-B98E-E9741C25CCBB}
	EndGlobalSection
EndGlobal
