
Microsoft Visual Studio Solution File, Format Version 12.00
# Visual Studio Version 16
VisualStudioVersion = 16.0.32228.343
MinimumVisualStudioVersion = 10.0.40219.1
Project("{8BC9CEB8-8B4A-11D0-8D11-00A0C91BC942}") = "AndroidDynamicSharedLib", "AndroidDynamicSharedLib.vcxproj", "{CB65CB9C-32D1-4126-AA92-B9080EC72470}"
EndProject
Global
	GlobalSection(SolutionConfigurationPlatforms) = preSolution
		Debug|ARM = Debug|ARM
		Debug|ARM64 = Debug|ARM64
		Debug|x64 = Debug|x64
		Debug|x86 = Debug|x86
		Release|ARM = Release|ARM
		Release|ARM64 = Release|ARM64
		Release|x64 = Release|x64
		Release|x86 = Release|x86
	EndGlobalSection
	GlobalSection(ProjectConfigurationPlatforms) = postSolution
		{CB65CB9C-32D1-4126-AA92-B9080EC72470}.Debug|ARM.ActiveCfg = Debug|ARM
		{CB65CB9C-32D1-4126-AA92-B9080EC72470}.Debug|ARM.Build.0 = Debug|ARM
		{CB65CB9C-32D1-4126-AA92-B9080EC72470}.Debug|ARM64.ActiveCfg = Debug|ARM64
		{CB65CB9C-32D1-4126-AA92-B9080EC72470}.Debug|ARM64.Build.0 = Debug|ARM64
		{CB65CB9C-32D1-4126-AA92-B9080EC72470}.Debug|x64.ActiveCfg = Debug|x64
		{CB65CB9C-32D1-4126-AA92-B9080EC72470}.Debug|x64.Build.0 = Debug|x64
		{CB65CB9C-32D1-4126-AA92-B9080EC72470}.Debug|x86.ActiveCfg = Debug|x86
		{CB65CB9C-32D1-4126-AA92-B9080EC72470}.Debug|x86.Build.0 = Debug|x86
		{CB65CB9C-32D1-4126-AA92-B9080EC72470}.Release|ARM.ActiveCfg = Release|ARM
		{CB65CB9C-32D1-4126-AA92-B9080EC72470}.Release|ARM.Build.0 = Release|ARM
		{CB65CB9C-32D1-4126-AA92-B9080EC72470}.Release|ARM64.ActiveCfg = Release|ARM64
		{CB65CB9C-32D1-4126-AA92-B9080EC72470}.Release|ARM64.Build.0 = Release|ARM64
		{CB65CB9C-32D1-4126-AA92-B9080EC72470}.Release|x64.ActiveCfg = Release|x64
		{CB65CB9C-32D1-4126-AA92-B9080EC72470}.Release|x64.Build.0 = Release|x64
		{CB65CB9C-32D1-4126-AA92-B9080EC72470}.Release|x86.ActiveCfg = Release|x86
		{CB65CB9C-32D1-4126-AA92-B9080EC72470}.Release|x86.Build.0 = Release|x86
	EndGlobalSection
	GlobalSection(SolutionProperties) = preSolution
		HideSolutionNode = FALSE
	EndGlobalSection
	GlobalSection(ExtensibilityGlobals) = postSolution
		SolutionGuid = {1EB8B588-A33D-48C8-9E08-8F2888302EC7}
	EndGlobalSection
EndGlobal
